
Microsoft Visual Studio Solution File, Format Version 12.00
# Visual Studio 14
VisualStudioVersion = 14.0.25420.1
MinimumVisualStudioVersion = 10.0.40219.1
Project("{FAE04EC0-301F-11D3-BF4B-00C04F79EFBC}") = "WiiControllerProject", "WiiControllerProject\WiiControllerProject.csproj", "{13C78362-4057-44F4-8DEB-D2C35ACF78AA}"
EndProject
Project("{FAE04EC0-301F-11D3-BF4B-00C04F79EFBC}") = "WiiControllerGame", "WiiControllerGame\WiiControllerGame.csproj", "{62C24EF3-3BE6-4400-A452-4CD370B84306}"
EndProject
Global
	GlobalSection(SolutionConfigurationPlatforms) = preSolution
		Debug|Any CPU = Debug|Any CPU
		Release|Any CPU = Release|Any CPU
	EndGlobalSection
	GlobalSection(ProjectConfigurationPlatforms) = postSolution
		{13C78362-4057-44F4-8DEB-D2C35ACF78AA}.Debug|Any CPU.ActiveCfg = Debug|Any CPU
		{13C78362-4057-44F4-8DEB-D2C35ACF78AA}.Debug|Any CPU.Build.0 = Debug|Any CPU
		{13C78362-4057-44F4-8DEB-D2C35ACF78AA}.Release|Any CPU.ActiveCfg = Release|Any CPU
		{13C78362-4057-44F4-8DEB-D2C35ACF78AA}.Release|Any CPU.Build.0 = Release|Any CPU
		{62C24EF3-3BE6-4400-A452-4CD370B84306}.Debug|Any CPU.ActiveCfg = Debug|Any CPU
		{62C24EF3-3BE6-4400-A452-4CD370B84306}.Debug|Any CPU.Build.0 = Debug|Any CPU
		{62C24EF3-3BE6-4400-A452-4CD370B84306}.Release|Any CPU.ActiveCfg = Release|Any CPU
		{62C24EF3-3BE6-4400-A452-4CD370B84306}.Release|Any CPU.Build.0 = Release|Any CPU
	EndGlobalSection
	GlobalSection(SolutionProperties) = preSolution
		HideSolutionNode = FALSE
	EndGlobalSection
EndGlobal
